
Microsoft Visual Studio Solution File, Format Version 12.00
# Visual Studio Version 17
VisualStudioVersion = 17.0.31903.59
MinimumVisualStudioVersion = 10.0.40219.1
Project("{FAE04EC0-301F-11D3-BF4B-00C04F79EFBC}") = "Chartlog.Parser.TakeHome", "Chartlog.Parser.TakeHome\Chartlog.Parser.TakeHome.csproj", "{6FFBC815-C8C8-43B4-BFC8-592BB2868770}"
EndProject
Project("{FAE04EC0-301F-11D3-BF4B-00C04F79EFBC}") = "Chartlog.Parser.TakeHome.Domain", "Chartlog.Parser.TakeHome.Domain\Chartlog.Parser.TakeHome.Domain.csproj", "{CE47E83E-0EDB-47A8-BE05-4C1938E0A7FE}"
EndProject
Global
	GlobalSection(SolutionConfigurationPlatforms) = preSolution
		Debug|Any CPU = Debug|Any CPU
		Release|Any CPU = Release|Any CPU
	EndGlobalSection
	GlobalSection(ProjectConfigurationPlatforms) = postSolution
		{6FFBC815-C8C8-43B4-BFC8-592BB2868770}.Debug|Any CPU.ActiveCfg = Debug|Any CPU
		{6FFBC815-C8C8-43B4-BFC8-592BB2868770}.Debug|Any CPU.Build.0 = Debug|Any CPU
		{6FFBC815-C8C8-43B4-BFC8-592BB2868770}.Release|Any CPU.ActiveCfg = Release|Any CPU
		{6FFBC815-C8C8-43B4-BFC8-592BB2868770}.Release|Any CPU.Build.0 = Release|Any CPU
		{CE47E83E-0EDB-47A8-BE05-4C1938E0A7FE}.Debug|Any CPU.ActiveCfg = Debug|Any CPU
		{CE47E83E-0EDB-47A8-BE05-4C1938E0A7FE}.Debug|Any CPU.Build.0 = Debug|Any CPU
		{CE47E83E-0EDB-47A8-BE05-4C1938E0A7FE}.Release|Any CPU.ActiveCfg = Release|Any CPU
		{CE47E83E-0EDB-47A8-BE05-4C1938E0A7FE}.Release|Any CPU.Build.0 = Release|Any CPU
	EndGlobalSection
	GlobalSection(SolutionProperties) = preSolution
		HideSolutionNode = FALSE
	EndGlobalSection
	GlobalSection(ExtensibilityGlobals) = postSolution
		SolutionGuid = {0BDF1264-64B3-4E01-A826-7E71F3D51091}
	EndGlobalSection
EndGlobal
